
Microsoft Visual Studio Solution File, Format Version 12.00
# Visual Studio Version 17
VisualStudioVersion = 17.5.002.0
MinimumVisualStudioVersion = 10.0.40219.1
Project("{9A19103F-16F7-4668-BE54-9A1E7A4F7556}") = "proje1", "proje1.csproj", "{52D02EC3-AE1B-4F8B-83AB-113CBB6F263B}"
EndProject
Global
	GlobalSection(SolutionConfigurationPlatforms) = preSolution
		Debug|Any CPU = Debug|Any CPU
		Release|Any CPU = Release|Any CPU
	EndGlobalSection
	GlobalSection(ProjectConfigurationPlatforms) = postSolution
		{52D02EC3-AE1B-4F8B-83AB-113CBB6F263B}.Debug|Any CPU.ActiveCfg = Debug|Any CPU
		{52D02EC3-AE1B-4F8B-83AB-113CBB6F263B}.Debug|Any CPU.Build.0 = Debug|Any CPU
		{52D02EC3-AE1B-4F8B-83AB-113CBB6F263B}.Release|Any CPU.ActiveCfg = Release|Any CPU
		{52D02EC3-AE1B-4F8B-83AB-113CBB6F263B}.Release|Any CPU.Build.0 = Release|Any CPU
	EndGlobalSection
	GlobalSection(SolutionProperties) = preSolution
		HideSolutionNode = FALSE
	EndGlobalSection
	GlobalSection(ExtensibilityGlobals) = postSolution
		SolutionGuid = {CD80EA3A-AA64-4BE7-8553-2939C7D2038C}
	EndGlobalSection
EndGlobal
